// !$*UTF8*$!
{
	archiveVersion = 1;
	classes = {
	};
	objectVersion = 50;
	objects = {

/* Begin PBXBuildFile section */
		D9775091244BFD4A0015F339 /* Pedido+CoreDataClass.swift in Sources */ = {isa = PBXBuildFile; fileRef = D977508B244BFD4A0015F339 /* Pedido+CoreDataClass.swift */; };
		D9775092244BFD4A0015F339 /* Pedido+CoreDataProperties.swift in Sources */ = {isa = PBXBuildFile; fileRef = D977508C244BFD4A0015F339 /* Pedido+CoreDataProperties.swift */; };
		D9775093244BFD4A0015F339 /* Usuario+CoreDataClass.swift in Sources */ = {isa = PBXBuildFile; fileRef = D977508D244BFD4A0015F339 /* Usuario+CoreDataClass.swift */; };
		D9775094244BFD4A0015F339 /* Usuario+CoreDataProperties.swift in Sources */ = {isa = PBXBuildFile; fileRef = D977508E244BFD4A0015F339 /* Usuario+CoreDataProperties.swift */; };
		D9775095244BFD4A0015F339 /* Producto+CoreDataClass.swift in Sources */ = {isa = PBXBuildFile; fileRef = D977508F244BFD4A0015F339 /* Producto+CoreDataClass.swift */; };
		D9775096244BFD4A0015F339 /* Producto+CoreDataProperties.swift in Sources */ = {isa = PBXBuildFile; fileRef = D9775090244BFD4A0015F339 /* Producto+CoreDataProperties.swift */; };
		D9775098244CC7940015F339 /* ResponseTiendas.swift in Sources */ = {isa = PBXBuildFile; fileRef = D9775097244CC7940015F339 /* ResponseTiendas.swift */; };
		D977509A244CE35E0015F339 /* ResponseProducto.swift in Sources */ = {isa = PBXBuildFile; fileRef = D9775099244CE35E0015F339 /* ResponseProducto.swift */; };
		D977509C244CEB8D0015F339 /* RequestPedido.swift in Sources */ = {isa = PBXBuildFile; fileRef = D977509B244CEB8D0015F339 /* RequestPedido.swift */; };
		D977509E244DF5B70015F339 /* Helper.swift in Sources */ = {isa = PBXBuildFile; fileRef = D977509D244DF5B70015F339 /* Helper.swift */; };
		D97750A2244E05BB0015F339 /* TiendaView.swift in Sources */ = {isa = PBXBuildFile; fileRef = D97750A1244E05BB0015F339 /* TiendaView.swift */; };
		D97750A6244E0DD30015F339 /* ImageView.swift in Sources */ = {isa = PBXBuildFile; fileRef = D97750A5244E0DD30015F339 /* ImageView.swift */; };
		D97750AC244E13850015F339 /* RequestImagen.swift in Sources */ = {isa = PBXBuildFile; fileRef = D97750AB244E13850015F339 /* RequestImagen.swift */; };
		D97750AE244E17770015F339 /* Assets.xcassets in Resources */ = {isa = PBXBuildFile; fileRef = D97750AD244E17770015F339 /* Assets.xcassets */; };
		D97750B0244E179C0015F339 /* defaultImage.jpg in Resources */ = {isa = PBXBuildFile; fileRef = D97750AF244E179C0015F339 /* defaultImage.jpg */; };
		D97750B2244E516D0015F339 /* DetalleTiendaView.swift in Sources */ = {isa = PBXBuildFile; fileRef = D97750B1244E516D0015F339 /* DetalleTiendaView.swift */; };
		D97750B4244E916E0015F339 /* ProductoView.swift in Sources */ = {isa = PBXBuildFile; fileRef = D97750B3244E916E0015F339 /* ProductoView.swift */; };
		D99AD4CC244F308E003F2FA1 /* PedidoView.swift in Sources */ = {isa = PBXBuildFile; fileRef = D99AD4CB244F308E003F2FA1 /* PedidoView.swift */; };
		D99AD4CE244F34E9003F2FA1 /* MainView.swift in Sources */ = {isa = PBXBuildFile; fileRef = D99AD4CD244F34E9003F2FA1 /* MainView.swift */; };
		D99AD4D0244F8FD5003F2FA1 /* PedidosView.swift in Sources */ = {isa = PBXBuildFile; fileRef = D99AD4CF244F8FD5003F2FA1 /* PedidosView.swift */; };
		D9F87440244A5C370080117C /* AppDelegate.swift in Sources */ = {isa = PBXBuildFile; fileRef = D9F8743F244A5C370080117C /* AppDelegate.swift */; };
		D9F87442244A5C370080117C /* SceneDelegate.swift in Sources */ = {isa = PBXBuildFile; fileRef = D9F87441244A5C370080117C /* SceneDelegate.swift */; };
		D9F87445244A5C370080117C /* MtwIOSProyecto.xcdatamodeld in Sources */ = {isa = PBXBuildFile; fileRef = D9F87443244A5C370080117C /* MtwIOSProyecto.xcdatamodeld */; };
		D9F87447244A5C370080117C /* ContentView.swift in Sources */ = {isa = PBXBuildFile; fileRef = D9F87446244A5C370080117C /* ContentView.swift */; };
		D9F8744C244A5C3D0080117C /* Preview Assets.xcassets in Resources */ = {isa = PBXBuildFile; fileRef = D9F8744B244A5C3D0080117C /* Preview Assets.xcassets */; };
		D9F8744F244A5C3D0080117C /* LaunchScreen.storyboard in Resources */ = {isa = PBXBuildFile; fileRef = D9F8744D244A5C3D0080117C /* LaunchScreen.storyboard */; };
/* End PBXBuildFile section */

/* Begin PBXFileReference section */
		D977508B244BFD4A0015F339 /* Pedido+CoreDataClass.swift */ = {isa = PBXFileReference; lastKnownFileType = sourcecode.swift; path = "Pedido+CoreDataClass.swift"; sourceTree = SOURCE_ROOT; };
		D977508C244BFD4A0015F339 /* Pedido+CoreDataProperties.swift */ = {isa = PBXFileReference; lastKnownFileType = sourcecode.swift; path = "Pedido+CoreDataProperties.swift"; sourceTree = SOURCE_ROOT; };
		D977508D244BFD4A0015F339 /* Usuario+CoreDataClass.swift */ = {isa = PBXFileReference; lastKnownFileType = sourcecode.swift; path = "Usuario+CoreDataClass.swift"; sourceTree = SOURCE_ROOT; };
		D977508E244BFD4A0015F339 /* Usuario+CoreDataProperties.swift */ = {isa = PBXFileReference; lastKnownFileType = sourcecode.swift; path = "Usuario+CoreDataProperties.swift"; sourceTree = SOURCE_ROOT; };
		D977508F244BFD4A0015F339 /* Producto+CoreDataClass.swift */ = {isa = PBXFileReference; lastKnownFileType = sourcecode.swift; path = "Producto+CoreDataClass.swift"; sourceTree = SOURCE_ROOT; };
		D9775090244BFD4A0015F339 /* Producto+CoreDataProperties.swift */ = {isa = PBXFileReference; lastKnownFileType = sourcecode.swift; path = "Producto+CoreDataProperties.swift"; sourceTree = SOURCE_ROOT; };
		D9775097244CC7940015F339 /* ResponseTiendas.swift */ = {isa = PBXFileReference; lastKnownFileType = sourcecode.swift; path = ResponseTiendas.swift; sourceTree = "<group>"; };
		D9775099244CE35E0015F339 /* ResponseProducto.swift */ = {isa = PBXFileReference; lastKnownFileType = sourcecode.swift; path = ResponseProducto.swift; sourceTree = "<group>"; };
		D977509B244CEB8D0015F339 /* RequestPedido.swift */ = {isa = PBXFileReference; lastKnownFileType = sourcecode.swift; path = RequestPedido.swift; sourceTree = "<group>"; };
		D977509D244DF5B70015F339 /* Helper.swift */ = {isa = PBXFileReference; fileEncoding = 4; lastKnownFileType = sourcecode.swift; path = Helper.swift; sourceTree = "<group>"; };
		D97750A1244E05BB0015F339 /* TiendaView.swift */ = {isa = PBXFileReference; lastKnownFileType = sourcecode.swift; path = TiendaView.swift; sourceTree = "<group>"; };
		D97750A5244E0DD30015F339 /* ImageView.swift */ = {isa = PBXFileReference; lastKnownFileType = sourcecode.swift; path = ImageView.swift; sourceTree = "<group>"; };
		D97750AB244E13850015F339 /* RequestImagen.swift */ = {isa = PBXFileReference; lastKnownFileType = sourcecode.swift; path = RequestImagen.swift; sourceTree = "<group>"; };
		D97750AD244E17770015F339 /* Assets.xcassets */ = {isa = PBXFileReference; lastKnownFileType = folder.assetcatalog; path = Assets.xcassets; sourceTree = "<group>"; };
		D97750AF244E179C0015F339 /* defaultImage.jpg */ = {isa = PBXFileReference; lastKnownFileType = image.jpeg; path = defaultImage.jpg; sourceTree = "<group>"; };
		D97750B1244E516D0015F339 /* DetalleTiendaView.swift */ = {isa = PBXFileReference; lastKnownFileType = sourcecode.swift; path = DetalleTiendaView.swift; sourceTree = "<group>"; };
		D97750B3244E916E0015F339 /* ProductoView.swift */ = {isa = PBXFileReference; lastKnownFileType = sourcecode.swift; path = ProductoView.swift; sourceTree = "<group>"; };
		D99AD4CB244F308E003F2FA1 /* PedidoView.swift */ = {isa = PBXFileReference; lastKnownFileType = sourcecode.swift; path = PedidoView.swift; sourceTree = "<group>"; };
		D99AD4CD244F34E9003F2FA1 /* MainView.swift */ = {isa = PBXFileReference; lastKnownFileType = sourcecode.swift; path = MainView.swift; sourceTree = "<group>"; };
		D99AD4CF244F8FD5003F2FA1 /* PedidosView.swift */ = {isa = PBXFileReference; lastKnownFileType = sourcecode.swift; path = PedidosView.swift; sourceTree = "<group>"; };
		D9F8743C244A5C370080117C /* MtwIOSProyecto.app */ = {isa = PBXFileReference; explicitFileType = wrapper.application; includeInIndex = 0; path = MtwIOSProyecto.app; sourceTree = BUILT_PRODUCTS_DIR; };
		D9F8743F244A5C370080117C /* AppDelegate.swift */ = {isa = PBXFileReference; lastKnownFileType = sourcecode.swift; path = AppDelegate.swift; sourceTree = "<group>"; };
		D9F87441244A5C370080117C /* SceneDelegate.swift */ = {isa = PBXFileReference; lastKnownFileType = sourcecode.swift; path = SceneDelegate.swift; sourceTree = "<group>"; };
		D9F87444244A5C370080117C /* MtwIOSProyecto.xcdatamodel */ = {isa = PBXFileReference; lastKnownFileType = wrapper.xcdatamodel; path = MtwIOSProyecto.xcdatamodel; sourceTree = "<group>"; };
		D9F87446244A5C370080117C /* ContentView.swift */ = {isa = PBXFileReference; lastKnownFileType = sourcecode.swift; path = ContentView.swift; sourceTree = "<group>"; };
		D9F8744B244A5C3D0080117C /* Preview Assets.xcassets */ = {isa = PBXFileReference; lastKnownFileType = folder.assetcatalog; path = "Preview Assets.xcassets"; sourceTree = "<group>"; };
		D9F8744E244A5C3D0080117C /* Base */ = {isa = PBXFileReference; lastKnownFileType = file.storyboard; name = Base; path = Base.lproj/LaunchScreen.storyboard; sourceTree = "<group>"; };
		D9F87450244A5C3D0080117C /* Info.plist */ = {isa = PBXFileReference; lastKnownFileType = text.plist.xml; path = Info.plist; sourceTree = "<group>"; };
/* End PBXFileReference section */

/* Begin PBXFrameworksBuildPhase section */
		D9F87439244A5C370080117C /* Frameworks */ = {
			isa = PBXFrameworksBuildPhase;
			buildActionMask = 2147483647;
			files = (
			);
			runOnlyForDeploymentPostprocessing = 0;
		};
/* End PBXFrameworksBuildPhase section */

/* Begin PBXGroup section */
		D97750A7244E0DF60015F339 /* Resources */ = {
			isa = PBXGroup;
			children = (
				D97750AF244E179C0015F339 /* defaultImage.jpg */,
				D977509D244DF5B70015F339 /* Helper.swift */,
			);
			path = Resources;
			sourceTree = "<group>";
		};
		D97750AA244E135A0015F339 /* Model */ = {
			isa = PBXGroup;
			children = (
				D9775097244CC7940015F339 /* ResponseTiendas.swift */,
				D9775099244CE35E0015F339 /* ResponseProducto.swift */,
				D977509B244CEB8D0015F339 /* RequestPedido.swift */,
				D97750AB244E13850015F339 /* RequestImagen.swift */,
			);
			path = Model;
			sourceTree = "<group>";
		};
		D9A46872244BF4FD00C159DB /* Views */ = {
			isa = PBXGroup;
			children = (
				D9F87446244A5C370080117C /* ContentView.swift */,
				D97750A1244E05BB0015F339 /* TiendaView.swift */,
				D97750A5244E0DD30015F339 /* ImageView.swift */,
				D97750B1244E516D0015F339 /* DetalleTiendaView.swift */,
				D97750B3244E916E0015F339 /* ProductoView.swift */,
				D99AD4CB244F308E003F2FA1 /* PedidoView.swift */,
				D99AD4CD244F34E9003F2FA1 /* MainView.swift */,
				D99AD4CF244F8FD5003F2FA1 /* PedidosView.swift */,
			);
			path = Views;
			sourceTree = "<group>";
		};
		D9F0FC85244B503700DAE09D /* Data */ = {
			isa = PBXGroup;
			children = (
				D977508B244BFD4A0015F339 /* Pedido+CoreDataClass.swift */,
				D977508C244BFD4A0015F339 /* Pedido+CoreDataProperties.swift */,
				D977508D244BFD4A0015F339 /* Usuario+CoreDataClass.swift */,
				D977508E244BFD4A0015F339 /* Usuario+CoreDataProperties.swift */,
				D977508F244BFD4A0015F339 /* Producto+CoreDataClass.swift */,
				D9775090244BFD4A0015F339 /* Producto+CoreDataProperties.swift */,
			);
			path = Data;
			sourceTree = "<group>";
		};
		D9F87433244A5C370080117C = {
			isa = PBXGroup;
			children = (
				D9F8743E244A5C370080117C /* MtwIOSProyecto */,
				D9F8743D244A5C370080117C /* Products */,
			);
			sourceTree = "<group>";
		};
		D9F8743D244A5C370080117C /* Products */ = {
			isa = PBXGroup;
			children = (
				D9F8743C244A5C370080117C /* MtwIOSProyecto.app */,
			);
			name = Products;
			sourceTree = "<group>";
		};
		D9F8743E244A5C370080117C /* MtwIOSProyecto */ = {
			isa = PBXGroup;
			children = (
				D97750AD244E17770015F339 /* Assets.xcassets */,
				D97750AA244E135A0015F339 /* Model */,
				D97750A7244E0DF60015F339 /* Resources */,
				D9A46872244BF4FD00C159DB /* Views */,
				D9F0FC85244B503700DAE09D /* Data */,
				D9F8743F244A5C370080117C /* AppDelegate.swift */,
				D9F87441244A5C370080117C /* SceneDelegate.swift */,
				D9F8744D244A5C3D0080117C /* LaunchScreen.storyboard */,
				D9F87450244A5C3D0080117C /* Info.plist */,
				D9F87443244A5C370080117C /* MtwIOSProyecto.xcdatamodeld */,
				D9F8744A244A5C3D0080117C /* Preview Content */,
			);
			path = MtwIOSProyecto;
			sourceTree = "<group>";
		};
		D9F8744A244A5C3D0080117C /* Preview Content */ = {
			isa = PBXGroup;
			children = (
				D9F8744B244A5C3D0080117C /* Preview Assets.xcassets */,
			);
			path = "Preview Content";
			sourceTree = "<group>";
		};
/* End PBXGroup section */

/* Begin PBXNativeTarget section */
		D9F8743B244A5C370080117C /* MtwIOSProyecto */ = {
			isa = PBXNativeTarget;
			buildConfigurationList = D9F87453244A5C3D0080117C /* Build configuration list for PBXNativeTarget "MtwIOSProyecto" */;
			buildPhases = (
				D9F87438244A5C370080117C /* Sources */,
				D9F87439244A5C370080117C /* Frameworks */,
				D9F8743A244A5C370080117C /* Resources */,
			);
			buildRules = (
			);
			dependencies = (
			);
			name = MtwIOSProyecto;
			productName = MtwIOSProyecto;
			productReference = D9F8743C244A5C370080117C /* MtwIOSProyecto.app */;
			productType = "com.apple.product-type.application";
		};
/* End PBXNativeTarget section */

/* Begin PBXProject section */
		D9F87434244A5C370080117C /* Project object */ = {
			isa = PBXProject;
			attributes = {
				LastSwiftUpdateCheck = 1140;
				LastUpgradeCheck = 1140;
				ORGANIZATIONNAME = ByRamon;
				TargetAttributes = {
					D9F8743B244A5C370080117C = {
						CreatedOnToolsVersion = 11.4;
					};
				};
			};
			buildConfigurationList = D9F87437244A5C370080117C /* Build configuration list for PBXProject "MtwIOSProyecto" */;
			compatibilityVersion = "Xcode 9.3";
			developmentRegion = en;
			hasScannedForEncodings = 0;
			knownRegions = (
				en,
				Base,
			);
			mainGroup = D9F87433244A5C370080117C;
			productRefGroup = D9F8743D244A5C370080117C /* Products */;
			projectDirPath = "";
			projectRoot = "";
			targets = (
				D9F8743B244A5C370080117C /* MtwIOSProyecto */,
			);
		};
/* End PBXProject section */

/* Begin PBXResourcesBuildPhase section */
		D9F8743A244A5C370080117C /* Resources */ = {
			isa = PBXResourcesBuildPhase;
			buildActionMask = 2147483647;
			files = (
				D9F8744F244A5C3D0080117C /* LaunchScreen.storyboard in Resources */,
				D97750AE244E17770015F339 /* Assets.xcassets in Resources */,
				D9F8744C244A5C3D0080117C /* Preview Assets.xcassets in Resources */,
				D97750B0244E179C0015F339 /* defaultImage.jpg in Resources */,
			);
			runOnlyForDeploymentPostprocessing = 0;
		};
/* End PBXResourcesBuildPhase section */

/* Begin PBXSourcesBuildPhase section */
		D9F87438244A5C370080117C /* Sources */ = {
			isa = PBXSourcesBuildPhase;
			buildActionMask = 2147483647;
			files = (
				D97750B4244E916E0015F339 /* ProductoView.swift in Sources */,
				D99AD4CE244F34E9003F2FA1 /* MainView.swift in Sources */,
				D9775098244CC7940015F339 /* ResponseTiendas.swift in Sources */,
				D977509E244DF5B70015F339 /* Helper.swift in Sources */,
				D9F87440244A5C370080117C /* AppDelegate.swift in Sources */,
				D9F87442244A5C370080117C /* SceneDelegate.swift in Sources */,
				D97750AC244E13850015F339 /* RequestImagen.swift in Sources */,
				D9775092244BFD4A0015F339 /* Pedido+CoreDataProperties.swift in Sources */,
				D99AD4CC244F308E003F2FA1 /* PedidoView.swift in Sources */,
				D9775096244BFD4A0015F339 /* Producto+CoreDataProperties.swift in Sources */,
				D9F87447244A5C370080117C /* ContentView.swift in Sources */,
				D97750B2244E516D0015F339 /* DetalleTiendaView.swift in Sources */,
				D97750A2244E05BB0015F339 /* TiendaView.swift in Sources */,
				D97750A6244E0DD30015F339 /* ImageView.swift in Sources */,
				D9775095244BFD4A0015F339 /* Producto+CoreDataClass.swift in Sources */,
				D9775094244BFD4A0015F339 /* Usuario+CoreDataProperties.swift in Sources */,
				D977509A244CE35E0015F339 /* ResponseProducto.swift in Sources */,
				D977509C244CEB8D0015F339 /* RequestPedido.swift in Sources */,
				D9F87445244A5C370080117C /* MtwIOSProyecto.xcdatamodeld in Sources */,
				D9775093244BFD4A0015F339 /* Usuario+CoreDataClass.swift in Sources */,
				D9775091244BFD4A0015F339 /* Pedido+CoreDataClass.swift in Sources */,
				D99AD4D0244F8FD5003F2FA1 /* PedidosView.swift in Sources */,
			);
			runOnlyForDeploymentPostprocessing = 0;
		};
/* End PBXSourcesBuildPhase section */

/* Begin PBXVariantGroup section */
		D9F8744D244A5C3D0080117C /* LaunchScreen.storyboard */ = {
			isa = PBXVariantGroup;
			children = (
				D9F8744E244A5C3D0080117C /* Base */,
			);
			name = LaunchScreen.storyboard;
			sourceTree = "<group>";
		};
/* End PBXVariantGroup section */

/* Begin XCBuildConfiguration section */
		D9F87451244A5C3D0080117C /* Debug */ = {
			isa = XCBuildConfiguration;
			buildSettings = {
				ALWAYS_SEARCH_USER_PATHS = NO;
				CLANG_ANALYZER_NONNULL = YES;
				CLANG_ANALYZER_NUMBER_OBJECT_CONVERSION = YES_AGGRESSIVE;
				CLANG_CXX_LANGUAGE_STANDARD = "gnu++14";
				CLANG_CXX_LIBRARY = "libc++";
				CLANG_ENABLE_MODULES = YES;
				CLANG_ENABLE_OBJC_ARC = YES;
				CLANG_ENABLE_OBJC_WEAK = YES;
				CLANG_WARN_BLOCK_CAPTURE_AUTORELEASING = YES;
				CLANG_WARN_BOOL_CONVERSION = YES;
				CLANG_WARN_COMMA = YES;
				CLANG_WARN_CONSTANT_CONVERSION = YES;
				CLANG_WARN_DEPRECATED_OBJC_IMPLEMENTATIONS = YES;
				CLANG_WARN_DIRECT_OBJC_ISA_USAGE = YES_ERROR;
				CLANG_WARN_DOCUMENTATION_COMMENTS = YES;
				CLANG_WARN_EMPTY_BODY = YES;
				CLANG_WARN_ENUM_CONVERSION = YES;
				CLANG_WARN_INFINITE_RECURSION = YES;
				CLANG_WARN_INT_CONVERSION = YES;
				CLANG_WARN_NON_LITERAL_NULL_CONVERSION = YES;
				CLANG_WARN_OBJC_IMPLICIT_RETAIN_SELF = YES;
				CLANG_WARN_OBJC_LITERAL_CONVERSION = YES;
				CLANG_WARN_OBJC_ROOT_CLASS = YES_ERROR;
				CLANG_WARN_RANGE_LOOP_ANALYSIS = YES;
				CLANG_WARN_STRICT_PROTOTYPES = YES;
				CLANG_WARN_SUSPICIOUS_MOVE = YES;
				CLANG_WARN_UNGUARDED_AVAILABILITY = YES_AGGRESSIVE;
				CLANG_WARN_UNREACHABLE_CODE = YES;
				CLANG_WARN__DUPLICATE_METHOD_MATCH = YES;
				COPY_PHASE_STRIP = NO;
				DEBUG_INFORMATION_FORMAT = dwarf;
				ENABLE_STRICT_OBJC_MSGSEND = YES;
				ENABLE_TESTABILITY = YES;
				GCC_C_LANGUAGE_STANDARD = gnu11;
				GCC_DYNAMIC_NO_PIC = NO;
				GCC_NO_COMMON_BLOCKS = YES;
				GCC_OPTIMIZATION_LEVEL = 0;
				GCC_PREPROCESSOR_DEFINITIONS = (
					"DEBUG=1",
					"$(inherited)",
				);
				GCC_WARN_64_TO_32_BIT_CONVERSION = YES;
				GCC_WARN_ABOUT_RETURN_TYPE = YES_ERROR;
				GCC_WARN_UNDECLARED_SELECTOR = YES;
				GCC_WARN_UNINITIALIZED_AUTOS = YES_AGGRESSIVE;
				GCC_WARN_UNUSED_FUNCTION = YES;
				GCC_WARN_UNUSED_VARIABLE = YES;
				IPHONEOS_DEPLOYMENT_TARGET = 13.4;
				MTL_ENABLE_DEBUG_INFO = INCLUDE_SOURCE;
				MTL_FAST_MATH = YES;
				ONLY_ACTIVE_ARCH = YES;
				SDKROOT = iphoneos;
				SWIFT_ACTIVE_COMPILATION_CONDITIONS = DEBUG;
				SWIFT_OPTIMIZATION_LEVEL = "-Onone";
			};
			name = Debug;
		};
		D9F87452244A5C3D0080117C /* Release */ = {
			isa = XCBuildConfiguration;
			buildSettings = {
				ALWAYS_SEARCH_USER_PATHS = NO;
				CLANG_ANALYZER_NONNULL = YES;
				CLANG_ANALYZER_NUMBER_OBJECT_CONVERSION = YES_AGGRESSIVE;
				CLANG_CXX_LANGUAGE_STANDARD = "gnu++14";
				CLANG_CXX_LIBRARY = "libc++";
				CLANG_ENABLE_MODULES = YES;
				CLANG_ENABLE_OBJC_ARC = YES;
				CLANG_ENABLE_OBJC_WEAK = YES;
				CLANG_WARN_BLOCK_CAPTURE_AUTORELEASING = YES;
				CLANG_WARN_BOOL_CONVERSION = YES;
				CLANG_WARN_COMMA = YES;
				CLANG_WARN_CONSTANT_CONVERSION = YES;
				CLANG_WARN_DEPRECATED_OBJC_IMPLEMENTATIONS = YES;
				CLANG_WARN_DIRECT_OBJC_ISA_USAGE = YES_ERROR;
				CLANG_WARN_DOCUMENTATION_COMMENTS = YES;
				CLANG_WARN_EMPTY_BODY = YES;
				CLANG_WARN_ENUM_CONVERSION = YES;
				CLANG_WARN_INFINITE_RECURSION = YES;
				CLANG_WARN_INT_CONVERSION = YES;
				CLANG_WARN_NON_LITERAL_NULL_CONVERSION = YES;
				CLANG_WARN_OBJC_IMPLICIT_RETAIN_SELF = YES;
				CLANG_WARN_OBJC_LITERAL_CONVERSION = YES;
				CLANG_WARN_OBJC_ROOT_CLASS = YES_ERROR;
				CLANG_WARN_RANGE_LOOP_ANALYSIS = YES;
				CLANG_WARN_STRICT_PROTOTYPES = YES;
				CLANG_WARN_SUSPICIOUS_MOVE = YES;
				CLANG_WARN_UNGUARDED_AVAILABILITY = YES_AGGRESSIVE;
				CLANG_WARN_UNREACHABLE_CODE = YES;
				CLANG_WARN__DUPLICATE_METHOD_MATCH = YES;
				COPY_PHASE_STRIP = NO;
				DEBUG_INFORMATION_FORMAT = "dwarf-with-dsym";
				ENABLE_NS_ASSERTIONS = NO;
				ENABLE_STRICT_OBJC_MSGSEND = YES;
				GCC_C_LANGUAGE_STANDARD = gnu11;
				GCC_NO_COMMON_BLOCKS = YES;
				GCC_WARN_64_TO_32_BIT_CONVERSION = YES;
				GCC_WARN_ABOUT_RETURN_TYPE = YES_ERROR;
				GCC_WARN_UNDECLARED_SELECTOR = YES;
				GCC_WARN_UNINITIALIZED_AUTOS = YES_AGGRESSIVE;
				GCC_WARN_UNUSED_FUNCTION = YES;
				GCC_WARN_UNUSED_VARIABLE = YES;
				IPHONEOS_DEPLOYMENT_TARGET = 13.4;
				MTL_ENABLE_DEBUG_INFO = NO;
				MTL_FAST_MATH = YES;
				SDKROOT = iphoneos;
				SWIFT_COMPILATION_MODE = wholemodule;
				SWIFT_OPTIMIZATION_LEVEL = "-O";
				VALIDATE_PRODUCT = YES;
			};
			name = Release;
		};
		D9F87454244A5C3D0080117C /* Debug */ = {
			isa = XCBuildConfiguration;
			buildSettings = {
				ASSETCATALOG_COMPILER_APPICON_NAME = AppIcon;
				CODE_SIGN_STYLE = Automatic;
				DEVELOPMENT_ASSET_PATHS = "\"MtwIOSProyecto/Preview Content\"";
				DEVELOPMENT_TEAM = 7GX7MKQC59;
				ENABLE_PREVIEWS = YES;
				INFOPLIST_FILE = MtwIOSProyecto/Info.plist;
				LD_RUNPATH_SEARCH_PATHS = (
					"$(inherited)",
					"@executable_path/Frameworks",
				);
				PRODUCT_BUNDLE_IDENTIFIER = mx.edu.delasalle.MtwIOSProyecto;
				PRODUCT_NAME = "$(TARGET_NAME)";
				SWIFT_VERSION = 5.0;
				TARGETED_DEVICE_FAMILY = "1,2";
			};
			name = Debug;
		};
		D9F87455244A5C3D0080117C /* Release */ = {
			isa = XCBuildConfiguration;
			buildSettings = {
				ASSETCATALOG_COMPILER_APPICON_NAME = AppIcon;
				CODE_SIGN_STYLE = Automatic;
				DEVELOPMENT_ASSET_PATHS = "\"MtwIOSProyecto/Preview Content\"";
				DEVELOPMENT_TEAM = 7GX7MKQC59;
				ENABLE_PREVIEWS = YES;
				INFOPLIST_FILE = MtwIOSProyecto/Info.plist;
				LD_RUNPATH_SEARCH_PATHS = (
					"$(inherited)",
					"@executable_path/Frameworks",
				);
				PRODUCT_BUNDLE_IDENTIFIER = mx.edu.delasalle.MtwIOSProyecto;
				PRODUCT_NAME = "$(TARGET_NAME)";
				SWIFT_VERSION = 5.0;
				TARGETED_DEVICE_FAMILY = "1,2";
			};
			name = Release;
		};
/* End XCBuildConfiguration section */

/* Begin XCConfigurationList section */
		D9F87437244A5C370080117C /* Build configuration list for PBXProject "MtwIOSProyecto" */ = {
			isa = XCConfigurationList;
			buildConfigurations = (
				D9F87451244A5C3D0080117C /* Debug */,
				D9F87452244A5C3D0080117C /* Release */,
			);
			defaultConfigurationIsVisible = 0;
			defaultConfigurationName = Release;
		};
		D9F87453244A5C3D0080117C /* Build configuration list for PBXNativeTarget "MtwIOSProyecto" */ = {
			isa = XCConfigurationList;
			buildConfigurations = (
				D9F87454244A5C3D0080117C /* Debug */,
				D9F87455244A5C3D0080117C /* Release */,
			);
			defaultConfigurationIsVisible = 0;
			defaultConfigurationName = Release;
		};
/* End XCConfigurationList section */

/* Begin XCVersionGroup section */
		D9F87443244A5C370080117C /* MtwIOSProyecto.xcdatamodeld */ = {
			isa = XCVersionGroup;
			children = (
				D9F87444244A5C370080117C /* MtwIOSProyecto.xcdatamodel */,
			);
			currentVersion = D9F87444244A5C370080117C /* MtwIOSProyecto.xcdatamodel */;
			path = MtwIOSProyecto.xcdatamodeld;
			sourceTree = "<group>";
			versionGroupType = wrapper.xcdatamodel;
		};
/* End XCVersionGroup section */
	};
	rootObject = D9F87434244A5C370080117C /* Project object */;
}
